
Microsoft Visual Studio Solution File, Format Version 12.00
# Visual Studio Version 17
VisualStudioVersion = 17.9.34902.65
MinimumVisualStudioVersion = 10.0.40219.1
Project("{2150E333-8FDC-42A3-9474-1A3956D46DE8}") = "src", "src", "{74D4E014-56C5-4814-9CFE-A529CC1FE569}"
EndProject
Project("{2150E333-8FDC-42A3-9474-1A3956D46DE8}") = "tests", "tests", "{97EC3AD1-BB97-442F-898D-90BE1B68DFA8}"
EndProject
Project("{2150E333-8FDC-42A3-9474-1A3956D46DE8}") = "API", "API", "{180B8BD9-4B96-44E2-8672-8CC237B2ADFD}"
EndProject
Project("{2150E333-8FDC-42A3-9474-1A3956D46DE8}") = "Core", "Core", "{5D141860-E623-4786-9C29-FB1592C4B5C3}"
EndProject
Project("{2150E333-8FDC-42A3-9474-1A3956D46DE8}") = "Infrastructure", "Infrastructure", "{5DE068DB-92DB-4284-A94F-EF0C6386068F}"
EndProject
Project("{2150E333-8FDC-42A3-9474-1A3956D46DE8}") = "UI", "UI", "{0B56F831-1099-40B5-B4DD-18BC1230E6C2}"
EndProject
Project("{9A19103F-16F7-4668-BE54-9A1E7A4F7556}") = "HR.Domain", "HR.Domain\HR.Domain.csproj", "{AF193EEC-BAA2-4B62-8494-A1CF373D53A7}"
EndProject
Project("{9A19103F-16F7-4668-BE54-9A1E7A4F7556}") = "HR.Application", "HR.Application\HR.Application.csproj", "{CC4FB4A2-FFA0-43FF-A6F0-88EF2F3CE7F9}"
EndProject
Project("{FAE04EC0-301F-11D3-BF4B-00C04F79EFBC}") = "HR.Infrastructure", "HR.Infrastructure\HR.Infrastructure.csproj", "{7436F63C-3D1B-4279-8D28-053B4C452224}"
EndProject
Project("{FAE04EC0-301F-11D3-BF4B-00C04F79EFBC}") = "HR.Persistance", "HR.Persistance\HR.Persistance.csproj", "{CAA19831-1872-44E4-9C2D-87B56BC9BBA3}"
EndProject
Global
	GlobalSection(SolutionConfigurationPlatforms) = preSolution
		Debug|Any CPU = Debug|Any CPU
		Release|Any CPU = Release|Any CPU
	EndGlobalSection
	GlobalSection(ProjectConfigurationPlatforms) = postSolution
		{AF193EEC-BAA2-4B62-8494-A1CF373D53A7}.Debug|Any CPU.ActiveCfg = Debug|Any CPU
		{AF193EEC-BAA2-4B62-8494-A1CF373D53A7}.Debug|Any CPU.Build.0 = Debug|Any CPU
		{AF193EEC-BAA2-4B62-8494-A1CF373D53A7}.Release|Any CPU.ActiveCfg = Release|Any CPU
		{AF193EEC-BAA2-4B62-8494-A1CF373D53A7}.Release|Any CPU.Build.0 = Release|Any CPU
		{CC4FB4A2-FFA0-43FF-A6F0-88EF2F3CE7F9}.Debug|Any CPU.ActiveCfg = Debug|Any CPU
		{CC4FB4A2-FFA0-43FF-A6F0-88EF2F3CE7F9}.Debug|Any CPU.Build.0 = Debug|Any CPU
		{CC4FB4A2-FFA0-43FF-A6F0-88EF2F3CE7F9}.Release|Any CPU.ActiveCfg = Release|Any CPU
		{CC4FB4A2-FFA0-43FF-A6F0-88EF2F3CE7F9}.Release|Any CPU.Build.0 = Release|Any CPU
		{7436F63C-3D1B-4279-8D28-053B4C452224}.Debug|Any CPU.ActiveCfg = Debug|Any CPU
		{7436F63C-3D1B-4279-8D28-053B4C452224}.Debug|Any CPU.Build.0 = Debug|Any CPU
		{7436F63C-3D1B-4279-8D28-053B4C452224}.Release|Any CPU.ActiveCfg = Release|Any CPU
		{7436F63C-3D1B-4279-8D28-053B4C452224}.Release|Any CPU.Build.0 = Release|Any CPU
		{CAA19831-1872-44E4-9C2D-87B56BC9BBA3}.Debug|Any CPU.ActiveCfg = Debug|Any CPU
		{CAA19831-1872-44E4-9C2D-87B56BC9BBA3}.Debug|Any CPU.Build.0 = Debug|Any CPU
		{CAA19831-1872-44E4-9C2D-87B56BC9BBA3}.Release|Any CPU.ActiveCfg = Release|Any CPU
		{CAA19831-1872-44E4-9C2D-87B56BC9BBA3}.Release|Any CPU.Build.0 = Release|Any CPU
	EndGlobalSection
	GlobalSection(SolutionProperties) = preSolution
		HideSolutionNode = FALSE
	EndGlobalSection
	GlobalSection(NestedProjects) = preSolution
		{180B8BD9-4B96-44E2-8672-8CC237B2ADFD} = {74D4E014-56C5-4814-9CFE-A529CC1FE569}
		{5D141860-E623-4786-9C29-FB1592C4B5C3} = {74D4E014-56C5-4814-9CFE-A529CC1FE569}
		{5DE068DB-92DB-4284-A94F-EF0C6386068F} = {74D4E014-56C5-4814-9CFE-A529CC1FE569}
		{0B56F831-1099-40B5-B4DD-18BC1230E6C2} = {74D4E014-56C5-4814-9CFE-A529CC1FE569}
		{AF193EEC-BAA2-4B62-8494-A1CF373D53A7} = {5D141860-E623-4786-9C29-FB1592C4B5C3}
		{CC4FB4A2-FFA0-43FF-A6F0-88EF2F3CE7F9} = {5D141860-E623-4786-9C29-FB1592C4B5C3}
		{7436F63C-3D1B-4279-8D28-053B4C452224} = {5DE068DB-92DB-4284-A94F-EF0C6386068F}
		{CAA19831-1872-44E4-9C2D-87B56BC9BBA3} = {5DE068DB-92DB-4284-A94F-EF0C6386068F}
	EndGlobalSection
	GlobalSection(ExtensibilityGlobals) = postSolution
		SolutionGuid = {D086E33D-5889-4BE7-8747-A69EF812409D}
	EndGlobalSection
EndGlobal
